
Microsoft Visual Studio Solution File, Format Version 12.00
# Visual Studio 15
VisualStudioVersion = 15.0.27428.2043
MinimumVisualStudioVersion = 10.0.40219.1
Project("{2150E333-8FDC-42A3-9474-1A3956D46DE8}") = "1. Presentation", "1. Presentation", "{0E7EB95F-69EF-4E79-BB48-E7B0BC6824F2}"
EndProject
Project("{2150E333-8FDC-42A3-9474-1A3956D46DE8}") = "2. Aplication", "2. Aplication", "{2E872E33-D689-4F48-AD30-13552112A1C9}"
EndProject
Project("{2150E333-8FDC-42A3-9474-1A3956D46DE8}") = "3. Domain", "3. Domain", "{6C3AC763-3BED-4B83-BD6B-29859585DBA4}"
EndProject
Project("{2150E333-8FDC-42A3-9474-1A3956D46DE8}") = "4.Infrastructure", "4.Infrastructure", "{01E8C57E-73F5-4FF4-ACD6-E3BD1B13ECE8}"
EndProject
Project("{2150E333-8FDC-42A3-9474-1A3956D46DE8}") = "Tests", "Tests", "{79D431E4-7148-48C3-BEAC-F34CF993899A}"
EndProject
Project("{FAE04EC0-301F-11D3-BF4B-00C04F79EFBC}") = "Loterica.Aplication", "Loterica.Aplication\Loterica.Aplication.csproj", "{A3080F98-D6A3-4DA5-B536-D28A0F76BEA0}"
EndProject
Project("{FAE04EC0-301F-11D3-BF4B-00C04F79EFBC}") = "Loterica.Infra", "Loterica.Infra\Loterica.Infra.csproj", "{2D1BE870-00B7-4415-A22E-F7EDA98FECC9}"
EndProject
Project("{FAE04EC0-301F-11D3-BF4B-00C04F79EFBC}") = "Loterica.Infra.Data", "Loterica.Infra.Data\Loterica.Infra.Data.csproj", "{1206E791-BB60-4A7D-BBEC-6120B62430F8}"
EndProject
Project("{FAE04EC0-301F-11D3-BF4B-00C04F79EFBC}") = "Loterica.Aplication.Tests", "Loterica.Aplication.Tests\Loterica.Aplication.Tests.csproj", "{0ED7E12B-DDD6-4682-B73B-5E4E89EE1771}"
EndProject
Project("{FAE04EC0-301F-11D3-BF4B-00C04F79EFBC}") = "Loterica.Domain.Tests", "Loterica.Domain.Tests\Loterica.Domain.Tests.csproj", "{5A901AE6-5F85-40CD-8BA0-687D36D86D59}"
EndProject
Project("{FAE04EC0-301F-11D3-BF4B-00C04F79EFBC}") = "Loterica.Infra.Tests", "Loterica.Infra.Tests\Loterica.Infra.Tests.csproj", "{1F614672-6E08-45BA-9D07-0B6D18F5A895}"
EndProject
Project("{FAE04EC0-301F-11D3-BF4B-00C04F79EFBC}") = "Loterica.Infra.Data.Tests", "Loterica.Infra.Data.Tests\Loterica.Infra.Data.Tests.csproj", "{29843E8D-EC56-4E75-8849-FBAE61285B7E}"
EndProject
Project("{FAE04EC0-301F-11D3-BF4B-00C04F79EFBC}") = "Loterica.Common.Tests", "Loterica.Common.Tests\Loterica.Common.Tests.csproj", "{064F869D-B706-4FC1-8F94-D731C89F952B}"
EndProject
Project("{FAE04EC0-301F-11D3-BF4B-00C04F79EFBC}") = "Loterica.Domain", "Loterica.Domain\Loterica.Domain.csproj", "{C44CB003-1E92-4B5D-B4D5-DEB354B818F0}"
EndProject
Project("{FAE04EC0-301F-11D3-BF4B-00C04F79EFBC}") = "Loterica.Integration.Tests", "Loterica.Integration.Tests\Loterica.Integration.Tests.csproj", "{A20B0CE1-AA66-4C30-B5F4-1D34BD5E27EB}"
EndProject
Project("{2150E333-8FDC-42A3-9474-1A3956D46DE8}") = "5-Data", "5-Data", "{AA9E8FC2-EEEF-4981-A79E-863A161B9978}"
EndProject
Project("{00D1A9C2-B5F0-4AF3-8072-F6C62B433612}") = "DBLoterica", "DBLoterica\DBLoterica.sqlproj", "{0276571B-72E7-4F0C-ABD7-F88F887588BE}"
EndProject
Global
	GlobalSection(SolutionConfigurationPlatforms) = preSolution
		Debug|Any CPU = Debug|Any CPU
		Release|Any CPU = Release|Any CPU
	EndGlobalSection
	GlobalSection(ProjectConfigurationPlatforms) = postSolution
		{A3080F98-D6A3-4DA5-B536-D28A0F76BEA0}.Debug|Any CPU.ActiveCfg = Debug|Any CPU
		{A3080F98-D6A3-4DA5-B536-D28A0F76BEA0}.Debug|Any CPU.Build.0 = Debug|Any CPU
		{A3080F98-D6A3-4DA5-B536-D28A0F76BEA0}.Release|Any CPU.ActiveCfg = Release|Any CPU
		{A3080F98-D6A3-4DA5-B536-D28A0F76BEA0}.Release|Any CPU.Build.0 = Release|Any CPU
		{2D1BE870-00B7-4415-A22E-F7EDA98FECC9}.Debug|Any CPU.ActiveCfg = Debug|Any CPU
		{2D1BE870-00B7-4415-A22E-F7EDA98FECC9}.Debug|Any CPU.Build.0 = Debug|Any CPU
		{2D1BE870-00B7-4415-A22E-F7EDA98FECC9}.Release|Any CPU.ActiveCfg = Release|Any CPU
		{2D1BE870-00B7-4415-A22E-F7EDA98FECC9}.Release|Any CPU.Build.0 = Release|Any CPU
		{1206E791-BB60-4A7D-BBEC-6120B62430F8}.Debug|Any CPU.ActiveCfg = Debug|Any CPU
		{1206E791-BB60-4A7D-BBEC-6120B62430F8}.Debug|Any CPU.Build.0 = Debug|Any CPU
		{1206E791-BB60-4A7D-BBEC-6120B62430F8}.Release|Any CPU.ActiveCfg = Release|Any CPU
		{1206E791-BB60-4A7D-BBEC-6120B62430F8}.Release|Any CPU.Build.0 = Release|Any CPU
		{0ED7E12B-DDD6-4682-B73B-5E4E89EE1771}.Debug|Any CPU.ActiveCfg = Debug|Any CPU
		{0ED7E12B-DDD6-4682-B73B-5E4E89EE1771}.Debug|Any CPU.Build.0 = Debug|Any CPU
		{0ED7E12B-DDD6-4682-B73B-5E4E89EE1771}.Release|Any CPU.ActiveCfg = Release|Any CPU
		{0ED7E12B-DDD6-4682-B73B-5E4E89EE1771}.Release|Any CPU.Build.0 = Release|Any CPU
		{5A901AE6-5F85-40CD-8BA0-687D36D86D59}.Debug|Any CPU.ActiveCfg = Debug|Any CPU
		{5A901AE6-5F85-40CD-8BA0-687D36D86D59}.Debug|Any CPU.Build.0 = Debug|Any CPU
		{5A901AE6-5F85-40CD-8BA0-687D36D86D59}.Release|Any CPU.ActiveCfg = Release|Any CPU
		{5A901AE6-5F85-40CD-8BA0-687D36D86D59}.Release|Any CPU.Build.0 = Release|Any CPU
		{1F614672-6E08-45BA-9D07-0B6D18F5A895}.Debug|Any CPU.ActiveCfg = Debug|Any CPU
		{1F614672-6E08-45BA-9D07-0B6D18F5A895}.Debug|Any CPU.Build.0 = Debug|Any CPU
		{1F614672-6E08-45BA-9D07-0B6D18F5A895}.Release|Any CPU.ActiveCfg = Release|Any CPU
		{1F614672-6E08-45BA-9D07-0B6D18F5A895}.Release|Any CPU.Build.0 = Release|Any CPU
		{29843E8D-EC56-4E75-8849-FBAE61285B7E}.Debug|Any CPU.ActiveCfg = Debug|Any CPU
		{29843E8D-EC56-4E75-8849-FBAE61285B7E}.Debug|Any CPU.Build.0 = Debug|Any CPU
		{29843E8D-EC56-4E75-8849-FBAE61285B7E}.Release|Any CPU.ActiveCfg = Release|Any CPU
		{29843E8D-EC56-4E75-8849-FBAE61285B7E}.Release|Any CPU.Build.0 = Release|Any CPU
		{064F869D-B706-4FC1-8F94-D731C89F952B}.Debug|Any CPU.ActiveCfg = Debug|Any CPU
		{064F869D-B706-4FC1-8F94-D731C89F952B}.Debug|Any CPU.Build.0 = Debug|Any CPU
		{064F869D-B706-4FC1-8F94-D731C89F952B}.Release|Any CPU.ActiveCfg = Release|Any CPU
		{064F869D-B706-4FC1-8F94-D731C89F952B}.Release|Any CPU.Build.0 = Release|Any CPU
		{C44CB003-1E92-4B5D-B4D5-DEB354B818F0}.Debug|Any CPU.ActiveCfg = Debug|Any CPU
		{C44CB003-1E92-4B5D-B4D5-DEB354B818F0}.Debug|Any CPU.Build.0 = Debug|Any CPU
		{C44CB003-1E92-4B5D-B4D5-DEB354B818F0}.Release|Any CPU.ActiveCfg = Release|Any CPU
		{C44CB003-1E92-4B5D-B4D5-DEB354B818F0}.Release|Any CPU.Build.0 = Release|Any CPU
		{A20B0CE1-AA66-4C30-B5F4-1D34BD5E27EB}.Debug|Any CPU.ActiveCfg = Debug|Any CPU
		{A20B0CE1-AA66-4C30-B5F4-1D34BD5E27EB}.Debug|Any CPU.Build.0 = Debug|Any CPU
		{A20B0CE1-AA66-4C30-B5F4-1D34BD5E27EB}.Release|Any CPU.ActiveCfg = Release|Any CPU
		{A20B0CE1-AA66-4C30-B5F4-1D34BD5E27EB}.Release|Any CPU.Build.0 = Release|Any CPU
		{0276571B-72E7-4F0C-ABD7-F88F887588BE}.Debug|Any CPU.ActiveCfg = Debug|Any CPU
		{0276571B-72E7-4F0C-ABD7-F88F887588BE}.Debug|Any CPU.Build.0 = Debug|Any CPU
		{0276571B-72E7-4F0C-ABD7-F88F887588BE}.Debug|Any CPU.Deploy.0 = Debug|Any CPU
		{0276571B-72E7-4F0C-ABD7-F88F887588BE}.Release|Any CPU.ActiveCfg = Release|Any CPU
		{0276571B-72E7-4F0C-ABD7-F88F887588BE}.Release|Any CPU.Build.0 = Release|Any CPU
		{0276571B-72E7-4F0C-ABD7-F88F887588BE}.Release|Any CPU.Deploy.0 = Release|Any CPU
	EndGlobalSection
	GlobalSection(SolutionProperties) = preSolution
		HideSolutionNode = FALSE
	EndGlobalSection
	GlobalSection(NestedProjects) = preSolution
		{A3080F98-D6A3-4DA5-B536-D28A0F76BEA0} = {2E872E33-D689-4F48-AD30-13552112A1C9}
		{2D1BE870-00B7-4415-A22E-F7EDA98FECC9} = {01E8C57E-73F5-4FF4-ACD6-E3BD1B13ECE8}
		{1206E791-BB60-4A7D-BBEC-6120B62430F8} = {01E8C57E-73F5-4FF4-ACD6-E3BD1B13ECE8}
		{0ED7E12B-DDD6-4682-B73B-5E4E89EE1771} = {79D431E4-7148-48C3-BEAC-F34CF993899A}
		{5A901AE6-5F85-40CD-8BA0-687D36D86D59} = {79D431E4-7148-48C3-BEAC-F34CF993899A}
		{1F614672-6E08-45BA-9D07-0B6D18F5A895} = {79D431E4-7148-48C3-BEAC-F34CF993899A}
		{29843E8D-EC56-4E75-8849-FBAE61285B7E} = {79D431E4-7148-48C3-BEAC-F34CF993899A}
		{064F869D-B706-4FC1-8F94-D731C89F952B} = {79D431E4-7148-48C3-BEAC-F34CF993899A}
		{C44CB003-1E92-4B5D-B4D5-DEB354B818F0} = {6C3AC763-3BED-4B83-BD6B-29859585DBA4}
		{A20B0CE1-AA66-4C30-B5F4-1D34BD5E27EB} = {79D431E4-7148-48C3-BEAC-F34CF993899A}
		{0276571B-72E7-4F0C-ABD7-F88F887588BE} = {AA9E8FC2-EEEF-4981-A79E-863A161B9978}
	EndGlobalSection
	GlobalSection(ExtensibilityGlobals) = postSolution
		SolutionGuid = {020382E2-6625-468C-AE52-666C8464626E}
	EndGlobalSection
EndGlobal
